{
  "requires": true,
  "lockfileVersion": 1,
  "dependencies": {
    "faye-websocket": {
      "version": "https://registry.npmjs.org/faye-websocket/-/faye-websocket-0.9.4.tgz",
      "integrity": "sha1-iFk0x57/sECVSeDAo4Ae0XpAza0=",
      "requires": {
        "websocket-driver": "https://registry.npmjs.org/websocket-driver/-/websocket-driver-0.7.0.tgz"
      }
    },
    "http-parser-js": {
      "version": "https://registry.npmjs.org/http-parser-js/-/http-parser-js-0.4.9.tgz",
      "integrity": "sha1-6hoE+2St/wJC6ZdPKX3Uw8rSceE="
    },
    "laravel-echo": {
      "version": "https://registry.npmjs.org/laravel-echo/-/laravel-echo-1.3.2.tgz",
      "integrity": "sha1-mGpave1em6F5u5LJFa22h7A16WE="
    },
    "magnific-popup": {
      "version": "1.1.0",
      "resolved": "https://registry.npmjs.org/magnific-popup/-/magnific-popup-1.1.0.tgz",
      "integrity": "sha1-PnNixb0Y9nhf6Z5Z0BPiCvM9MEk="
    },
    "pusher-js": {
      "version": "https://registry.npmjs.org/pusher-js/-/pusher-js-4.2.1.tgz",
      "integrity": "sha1-fBDi+YG47UOQwcvtRI61wJZ6qiI=",
      "requires": {
        "faye-websocket": "https://registry.npmjs.org/faye-websocket/-/faye-websocket-0.9.4.tgz",
        "xmlhttprequest": "https://registry.npmjs.org/xmlhttprequest/-/xmlhttprequest-1.8.0.tgz"
      }
    },
    "websocket-driver": {
      "version": "https://registry.npmjs.org/websocket-driver/-/websocket-driver-0.7.0.tgz",
      "integrity": "sha1-DK+dLXVdk67gSdS90NP+LMoqJOs=",
      "requires": {
        "http-parser-js": "https://registry.npmjs.org/http-parser-js/-/http-parser-js-0.4.9.tgz",
        "websocket-extensions": "https://registry.npmjs.org/websocket-extensions/-/websocket-extensions-0.1.3.tgz"
      }
    },
    "websocket-extensions": {
      "version": "https://registry.npmjs.org/websocket-extensions/-/websocket-extensions-0.1.3.tgz",
      "integrity": "sha1-XS/yKXcAPsaHpLhwc9+7rBRszyk="
    },
    "xmlhttprequest": {
      "version": "https://registry.npmjs.org/xmlhttprequest/-/xmlhttprequest-1.8.0.tgz",
      "integrity": "sha1-Z/4HXFwk/vOfnWX197f+dRcZaPw="
    }
  }
}
